{
  "requires": true,
  "lockfileVersion": 1,
  "dependencies": {
    "vue": {
      "version": "2.6.6",
      "resolved": "https://registry.npmjs.org/vue/-/vue-2.6.6.tgz",
      "integrity": "sha512-Y2DdOZD8sxApS+iUlwv1v8U1qN41kq6Kw45lM6nVZKhygeWA49q7VCCXkjXqeDBXgurrKWkYQ9cJeEJwAq0b9Q=="
    }
  }
}
